
Microsoft Visual Studio Solution File, Format Version 12.00
# Visual Studio Version 17
VisualStudioVersion = 17.8.34511.84
MinimumVisualStudioVersion = 10.0.40219.1
Project("{9A19103F-16F7-4668-BE54-9A1E7A4F7556}") = "CryptoSoft", "CryptoSoft.csproj", "{CDDA0C90-78A6-4C33-A475-10844773F6FB}"
EndProject
Global
	GlobalSection(SolutionConfigurationPlatforms) = preSolution
		Debug|Any CPU = Debug|Any CPU
		Release|Any CPU = Release|Any CPU
	EndGlobalSection
	GlobalSection(ProjectConfigurationPlatforms) = postSolution
		{CDDA0C90-78A6-4C33-A475-10844773F6FB}.Debug|Any CPU.ActiveCfg = Debug|Any CPU
		{CDDA0C90-78A6-4C33-A475-10844773F6FB}.Debug|Any CPU.Build.0 = Debug|Any CPU
		{CDDA0C90-78A6-4C33-A475-10844773F6FB}.Release|Any CPU.ActiveCfg = Release|Any CPU
		{CDDA0C90-78A6-4C33-A475-10844773F6FB}.Release|Any CPU.Build.0 = Release|Any CPU
	EndGlobalSection
	GlobalSection(SolutionProperties) = preSolution
		HideSolutionNode = FALSE
	EndGlobalSection
	GlobalSection(ExtensibilityGlobals) = postSolution
		SolutionGuid = {4965B3F3-ED6B-43F5-B8F7-09BD167B032F}
	EndGlobalSection
EndGlobal
